
Microsoft Visual Studio Solution File, Format Version 12.00
# Visual Studio Version 16
VisualStudioVersion = 16.0.31729.503
MinimumVisualStudioVersion = 10.0.40219.1
Project("{FAE04EC0-301F-11D3-BF4B-00C04F79EFBC}") = "PickRoi", "PickRoi.csproj", "{B10B0ED7-118C-47AF-AB3E-454B49E158AD}"
EndProject
Global
	GlobalSection(SolutionConfigurationPlatforms) = preSolution
		Debug|Any CPU = Debug|Any CPU
		Release|Any CPU = Release|Any CPU
	EndGlobalSection
	GlobalSection(ProjectConfigurationPlatforms) = postSolution
		{B10B0ED7-118C-47AF-AB3E-454B49E158AD}.Debug|Any CPU.ActiveCfg = Debug|Any CPU
		{B10B0ED7-118C-47AF-AB3E-454B49E158AD}.Debug|Any CPU.Build.0 = Debug|Any CPU
		{B10B0ED7-118C-47AF-AB3E-454B49E158AD}.Release|Any CPU.ActiveCfg = Release|Any CPU
		{B10B0ED7-118C-47AF-AB3E-454B49E158AD}.Release|Any CPU.Build.0 = Release|Any CPU
	EndGlobalSection
	GlobalSection(SolutionProperties) = preSolution
		HideSolutionNode = FALSE
	EndGlobalSection
	GlobalSection(ExtensibilityGlobals) = postSolution
		SolutionGuid = {98DF5745-9ED4-49AF-9178-1E21049CD73B}
	EndGlobalSection
EndGlobal
