
Microsoft Visual Studio Solution File, Format Version 12.00
# Visual Studio 15
VisualStudioVersion = 15.0.28307.1705
MinimumVisualStudioVersion = 10.0.40219.1
Project("{FAE04EC0-301F-11D3-BF4B-00C04F79EFBC}") = "SPCWTest", "SPCWTest\SPCWTest.csproj", "{7B796BCD-F4E3-4B28-81A4-B91BED21446D}"
EndProject
Global
	GlobalSection(SolutionConfigurationPlatforms) = preSolution
		Debug|Any CPU = Debug|Any CPU
		Release|Any CPU = Release|Any CPU
	EndGlobalSection
	GlobalSection(ProjectConfigurationPlatforms) = postSolution
		{7B796BCD-F4E3-4B28-81A4-B91BED21446D}.Debug|Any CPU.ActiveCfg = Debug|Any CPU
		{7B796BCD-F4E3-4B28-81A4-B91BED21446D}.Debug|Any CPU.Build.0 = Debug|Any CPU
		{7B796BCD-F4E3-4B28-81A4-B91BED21446D}.Release|Any CPU.ActiveCfg = Release|Any CPU
		{7B796BCD-F4E3-4B28-81A4-B91BED21446D}.Release|Any CPU.Build.0 = Release|Any CPU
	EndGlobalSection
	GlobalSection(SolutionProperties) = preSolution
		HideSolutionNode = FALSE
	EndGlobalSection
	GlobalSection(ExtensibilityGlobals) = postSolution
		SolutionGuid = {853DEFF6-365E-4860-9D9A-F166D00DEF76}
	EndGlobalSection
EndGlobal
