
Microsoft Visual Studio Solution File, Format Version 12.00
# Visual Studio 15
VisualStudioVersion = 15.0.28307.1705
MinimumVisualStudioVersion = 10.0.40219.1
Project("{FAE04EC0-301F-11D3-BF4B-00C04F79EFBC}") = "SmartPoints", "SmartPoints\SmartPoints.csproj", "{6A8840CF-641B-4FE5-8FAC-DF3D69EDF934}"
EndProject
Global
	GlobalSection(SolutionConfigurationPlatforms) = preSolution
		Debug|Any CPU = Debug|Any CPU
		Release|Any CPU = Release|Any CPU
	EndGlobalSection
	GlobalSection(ProjectConfigurationPlatforms) = postSolution
		{6A8840CF-641B-4FE5-8FAC-DF3D69EDF934}.Debug|Any CPU.ActiveCfg = Debug|Any CPU
		{6A8840CF-641B-4FE5-8FAC-DF3D69EDF934}.Debug|Any CPU.Build.0 = Debug|Any CPU
		{6A8840CF-641B-4FE5-8FAC-DF3D69EDF934}.Release|Any CPU.ActiveCfg = Release|Any CPU
		{6A8840CF-641B-4FE5-8FAC-DF3D69EDF934}.Release|Any CPU.Build.0 = Release|Any CPU
	EndGlobalSection
	GlobalSection(SolutionProperties) = preSolution
		HideSolutionNode = FALSE
	EndGlobalSection
	GlobalSection(ExtensibilityGlobals) = postSolution
		SolutionGuid = {4FD0B340-9579-4166-91F0-61822BA8B19C}
	EndGlobalSection
EndGlobal
